// !$*UTF8*$!
{
	archiveVersion = 1;
	classes = {
	};
	objectVersion = 48;
	objects = {

/* Begin PBXBuildFile section */
		0508446D2030027300485109 /* AppDelegate.swift in Sources */ = {isa = PBXBuildFile; fileRef = 0508446C2030027300485109 /* AppDelegate.swift */; };
		0508446F2030027300485109 /* ViewController.swift in Sources */ = {isa = PBXBuildFile; fileRef = 0508446E2030027300485109 /* ViewController.swift */; };
		050844722030027300485109 /* Main.storyboard in Resources */ = {isa = PBXBuildFile; fileRef = 050844702030027300485109 /* Main.storyboard */; };
		050844742030027300485109 /* Assets.xcassets in Resources */ = {isa = PBXBuildFile; fileRef = 050844732030027300485109 /* Assets.xcassets */; };
		050844772030027300485109 /* LaunchScreen.storyboard in Resources */ = {isa = PBXBuildFile; fileRef = 050844752030027300485109 /* LaunchScreen.storyboard */; };
		0531D9C420315D0D007C44BB /* ButtonStyling.swift in Sources */ = {isa = PBXBuildFile; fileRef = 0531D9C320315D0D007C44BB /* ButtonStyling.swift */; };
		0531D9C620316132007C44BB /* LoginViewController.swift in Sources */ = {isa = PBXBuildFile; fileRef = 0531D9C520316132007C44BB /* LoginViewController.swift */; };
		0531D9CA20316462007C44BB /* SignUpViewController.swift in Sources */ = {isa = PBXBuildFile; fileRef = 0531D9C920316462007C44BB /* SignUpViewController.swift */; };
		054FBA132033E09C00FD42B1 /* SideMenuViewController.swift in Sources */ = {isa = PBXBuildFile; fileRef = 054FBA122033E09C00FD42B1 /* SideMenuViewController.swift */; };
		054FBA152034005100FD42B1 /* SchoolSelectionViewController.swift in Sources */ = {isa = PBXBuildFile; fileRef = 054FBA142034005100FD42B1 /* SchoolSelectionViewController.swift */; };
		054FBA172034007E00FD42B1 /* HomePageViewController.swift in Sources */ = {isa = PBXBuildFile; fileRef = 054FBA162034007E00FD42B1 /* HomePageViewController.swift */; };
		054FBA19203528B600FD42B1 /* SideMenuContainerViewController.swift in Sources */ = {isa = PBXBuildFile; fileRef = 054FBA18203528B600FD42B1 /* SideMenuContainerViewController.swift */; };
		054FBA1B20352E7E00FD42B1 /* SettingsViewController.swift in Sources */ = {isa = PBXBuildFile; fileRef = 054FBA1A20352E7E00FD42B1 /* SettingsViewController.swift */; };
		054FBA1D2036C00D00FD42B1 /* ResetPasswordViewController.swift in Sources */ = {isa = PBXBuildFile; fileRef = 054FBA1C2036C00D00FD42B1 /* ResetPasswordViewController.swift */; };
		054FBA1F2037C40200FD42B1 /* ResetPasswordFormViewController.swift in Sources */ = {isa = PBXBuildFile; fileRef = 054FBA1E2037C40200FD42B1 /* ResetPasswordFormViewController.swift */; };
		054FBA212037C50F00FD42B1 /* PasswordSuccessfulViewController.swift in Sources */ = {isa = PBXBuildFile; fileRef = 054FBA202037C50F00FD42B1 /* PasswordSuccessfulViewController.swift */; };
		054FBA282038B50800FD42B1 /* SubjectsViewController.swift in Sources */ = {isa = PBXBuildFile; fileRef = 054FBA272038B50800FD42B1 /* SubjectsViewController.swift */; };
		054FBA2C2038B78900FD42B1 /* LeaderboardsViewController.swift in Sources */ = {isa = PBXBuildFile; fileRef = 054FBA2B2038B78900FD42B1 /* LeaderboardsViewController.swift */; };
		054FBA3B2038D0E600FD42B1 /* Delegates.swift in Sources */ = {isa = PBXBuildFile; fileRef = 054FBA3A2038D0E600FD42B1 /* Delegates.swift */; };
/* End PBXBuildFile section */

/* Begin PBXFileReference section */
		050844692030027300485109 /* SchooledIos.app */ = {isa = PBXFileReference; explicitFileType = wrapper.application; includeInIndex = 0; path = SchooledIos.app; sourceTree = BUILT_PRODUCTS_DIR; };
		0508446C2030027300485109 /* AppDelegate.swift */ = {isa = PBXFileReference; lastKnownFileType = sourcecode.swift; path = AppDelegate.swift; sourceTree = "<group>"; };
		0508446E2030027300485109 /* ViewController.swift */ = {isa = PBXFileReference; lastKnownFileType = sourcecode.swift; path = ViewController.swift; sourceTree = "<group>"; };
		050844712030027300485109 /* Base */ = {isa = PBXFileReference; lastKnownFileType = file.storyboard; name = Base; path = Base.lproj/Main.storyboard; sourceTree = "<group>"; };
		050844732030027300485109 /* Assets.xcassets */ = {isa = PBXFileReference; lastKnownFileType = folder.assetcatalog; path = Assets.xcassets; sourceTree = "<group>"; };
		050844762030027300485109 /* Base */ = {isa = PBXFileReference; lastKnownFileType = file.storyboard; name = Base; path = Base.lproj/LaunchScreen.storyboard; sourceTree = "<group>"; };
		050844782030027300485109 /* Info.plist */ = {isa = PBXFileReference; lastKnownFileType = text.plist.xml; path = Info.plist; sourceTree = "<group>"; };
		0531D9C320315D0D007C44BB /* ButtonStyling.swift */ = {isa = PBXFileReference; lastKnownFileType = sourcecode.swift; path = ButtonStyling.swift; sourceTree = "<group>"; };
		0531D9C520316132007C44BB /* LoginViewController.swift */ = {isa = PBXFileReference; lastKnownFileType = sourcecode.swift; path = LoginViewController.swift; sourceTree = "<group>"; };
		0531D9C920316462007C44BB /* SignUpViewController.swift */ = {isa = PBXFileReference; lastKnownFileType = sourcecode.swift; path = SignUpViewController.swift; sourceTree = "<group>"; };
		054FBA122033E09C00FD42B1 /* SideMenuViewController.swift */ = {isa = PBXFileReference; lastKnownFileType = sourcecode.swift; path = SideMenuViewController.swift; sourceTree = "<group>"; };
		054FBA142034005100FD42B1 /* SchoolSelectionViewController.swift */ = {isa = PBXFileReference; lastKnownFileType = sourcecode.swift; path = SchoolSelectionViewController.swift; sourceTree = "<group>"; };
		054FBA162034007E00FD42B1 /* HomePageViewController.swift */ = {isa = PBXFileReference; lastKnownFileType = sourcecode.swift; path = HomePageViewController.swift; sourceTree = "<group>"; };
		054FBA18203528B600FD42B1 /* SideMenuContainerViewController.swift */ = {isa = PBXFileReference; lastKnownFileType = sourcecode.swift; path = SideMenuContainerViewController.swift; sourceTree = "<group>"; };
		054FBA1A20352E7E00FD42B1 /* SettingsViewController.swift */ = {isa = PBXFileReference; lastKnownFileType = sourcecode.swift; path = SettingsViewController.swift; sourceTree = "<group>"; };
		054FBA1C2036C00D00FD42B1 /* ResetPasswordViewController.swift */ = {isa = PBXFileReference; lastKnownFileType = sourcecode.swift; path = ResetPasswordViewController.swift; sourceTree = "<group>"; };
		054FBA1E2037C40200FD42B1 /* ResetPasswordFormViewController.swift */ = {isa = PBXFileReference; lastKnownFileType = sourcecode.swift; path = ResetPasswordFormViewController.swift; sourceTree = "<group>"; };
		054FBA202037C50F00FD42B1 /* PasswordSuccessfulViewController.swift */ = {isa = PBXFileReference; lastKnownFileType = sourcecode.swift; path = PasswordSuccessfulViewController.swift; sourceTree = "<group>"; };
		054FBA272038B50800FD42B1 /* SubjectsViewController.swift */ = {isa = PBXFileReference; lastKnownFileType = sourcecode.swift; path = SubjectsViewController.swift; sourceTree = "<group>"; };
		054FBA2B2038B78900FD42B1 /* LeaderboardsViewController.swift */ = {isa = PBXFileReference; lastKnownFileType = sourcecode.swift; path = LeaderboardsViewController.swift; sourceTree = "<group>"; };
		054FBA3A2038D0E600FD42B1 /* Delegates.swift */ = {isa = PBXFileReference; lastKnownFileType = sourcecode.swift; path = Delegates.swift; sourceTree = "<group>"; };
/* End PBXFileReference section */

/* Begin PBXFrameworksBuildPhase section */
		050844662030027300485109 /* Frameworks */ = {
			isa = PBXFrameworksBuildPhase;
			buildActionMask = 2147483647;
			files = (
			);
			runOnlyForDeploymentPostprocessing = 0;
		};
/* End PBXFrameworksBuildPhase section */

/* Begin PBXGroup section */
		050844602030027300485109 = {
			isa = PBXGroup;
			children = (
				0508446B2030027300485109 /* SchooledIos */,
				0508446A2030027300485109 /* Products */,
			);
			sourceTree = "<group>";
		};
		0508446A2030027300485109 /* Products */ = {
			isa = PBXGroup;
			children = (
				050844692030027300485109 /* SchooledIos.app */,
			);
			name = Products;
			sourceTree = "<group>";
		};
		0508446B2030027300485109 /* SchooledIos */ = {
			isa = PBXGroup;
			children = (
				0531D9CB2031663A007C44BB /* Controllers */,
				0531D9C020315CAB007C44BB /* Utilities */,
				0508446C2030027300485109 /* AppDelegate.swift */,
				050844702030027300485109 /* Main.storyboard */,
				050844732030027300485109 /* Assets.xcassets */,
				050844752030027300485109 /* LaunchScreen.storyboard */,
				050844782030027300485109 /* Info.plist */,
			);
			path = SchooledIos;
			sourceTree = "<group>";
		};
		0531D9C020315CAB007C44BB /* Utilities */ = {
			isa = PBXGroup;
			children = (
				054FBA362038D08D00FD42B1 /* Pickers */,
				0531D9C120315CCE007C44BB /* ElementStyling */,
			);
			path = Utilities;
			sourceTree = "<group>";
		};
		0531D9C120315CCE007C44BB /* ElementStyling */ = {
			isa = PBXGroup;
			children = (
				0531D9C320315D0D007C44BB /* ButtonStyling.swift */,
			);
			path = ElementStyling;
			sourceTree = "<group>";
		};
		0531D9CB2031663A007C44BB /* Controllers */ = {
			isa = PBXGroup;
			children = (
				054FBA312038BFD700FD42B1 /* Elements */,
				054FBA2620389BA900FD42B1 /* Home-Page */,
				054FBA2320389B5E00FD42B1 /* Password-Reset */,
				054FBA2220389B0400FD42B1 /* Login-Signup */,
			);
			path = Controllers;
			sourceTree = "<group>";
		};
		054FBA2220389B0400FD42B1 /* Login-Signup */ = {
			isa = PBXGroup;
			children = (
				054FBA142034005100FD42B1 /* SchoolSelectionViewController.swift */,
				0508446E2030027300485109 /* ViewController.swift */,
				0531D9C520316132007C44BB /* LoginViewController.swift */,
				0531D9C920316462007C44BB /* SignUpViewController.swift */,
			);
			path = "Login-Signup";
			sourceTree = "<group>";
		};
		054FBA2320389B5E00FD42B1 /* Password-Reset */ = {
			isa = PBXGroup;
			children = (
				054FBA1C2036C00D00FD42B1 /* ResetPasswordViewController.swift */,
				054FBA1E2037C40200FD42B1 /* ResetPasswordFormViewController.swift */,
				054FBA202037C50F00FD42B1 /* PasswordSuccessfulViewController.swift */,
			);
			path = "Password-Reset";
			sourceTree = "<group>";
		};
		054FBA2420389B7200FD42B1 /* Side-Menu */ = {
			isa = PBXGroup;
			children = (
				054FBA2520389B8400FD42B1 /* Options */,
				054FBA122033E09C00FD42B1 /* SideMenuViewController.swift */,
				054FBA18203528B600FD42B1 /* SideMenuContainerViewController.swift */,
			);
			path = "Side-Menu";
			sourceTree = "<group>";
		};
		054FBA2520389B8400FD42B1 /* Options */ = {
			isa = PBXGroup;
			children = (
				054FBA2D2038B79000FD42B1 /* Leaderboards-Options */,
				054FBA2A2038B52D00FD42B1 /* Settings-Options */,
				054FBA292038B50F00FD42B1 /* Games-Options */,
			);
			path = Options;
			sourceTree = "<group>";
		};
		054FBA2620389BA900FD42B1 /* Home-Page */ = {
			isa = PBXGroup;
			children = (
				054FBA162034007E00FD42B1 /* HomePageViewController.swift */,
			);
			path = "Home-Page";
			sourceTree = "<group>";
		};
		054FBA292038B50F00FD42B1 /* Games-Options */ = {
			isa = PBXGroup;
			children = (
				054FBA272038B50800FD42B1 /* SubjectsViewController.swift */,
			);
			path = "Games-Options";
			sourceTree = "<group>";
		};
		054FBA2A2038B52D00FD42B1 /* Settings-Options */ = {
			isa = PBXGroup;
			children = (
				054FBA1A20352E7E00FD42B1 /* SettingsViewController.swift */,
			);
			path = "Settings-Options";
			sourceTree = "<group>";
		};
		054FBA2D2038B79000FD42B1 /* Leaderboards-Options */ = {
			isa = PBXGroup;
			children = (
				054FBA2B2038B78900FD42B1 /* LeaderboardsViewController.swift */,
			);
			path = "Leaderboards-Options";
			sourceTree = "<group>";
		};
		054FBA312038BFD700FD42B1 /* Elements */ = {
			isa = PBXGroup;
			children = (
				054FBA2420389B7200FD42B1 /* Side-Menu */,
			);
			path = Elements;
			sourceTree = "<group>";
		};
		054FBA362038D08D00FD42B1 /* Pickers */ = {
			isa = PBXGroup;
			children = (
				054FBA3A2038D0E600FD42B1 /* Delegates.swift */,
			);
			path = Pickers;
			sourceTree = "<group>";
		};
/* End PBXGroup section */

/* Begin PBXNativeTarget section */
		050844682030027300485109 /* SchooledIos */ = {
			isa = PBXNativeTarget;
			buildConfigurationList = 0508447B2030027300485109 /* Build configuration list for PBXNativeTarget "SchooledIos" */;
			buildPhases = (
				050844652030027300485109 /* Sources */,
				050844662030027300485109 /* Frameworks */,
				050844672030027300485109 /* Resources */,
			);
			buildRules = (
			);
			dependencies = (
			);
			name = SchooledIos;
			productName = SchooledIos;
			productReference = 050844692030027300485109 /* SchooledIos.app */;
			productType = "com.apple.product-type.application";
		};
/* End PBXNativeTarget section */

/* Begin PBXProject section */
		050844612030027300485109 /* Project object */ = {
			isa = PBXProject;
			attributes = {
				LastSwiftUpdateCheck = 0920;
				LastUpgradeCheck = 0920;
				ORGANIZATIONNAME = "Jerun Trajko";
				TargetAttributes = {
					050844682030027300485109 = {
						CreatedOnToolsVersion = 9.2;
						ProvisioningStyle = Automatic;
					};
				};
			};
			buildConfigurationList = 050844642030027300485109 /* Build configuration list for PBXProject "SchooledIos" */;
			compatibilityVersion = "Xcode 8.0";
			developmentRegion = en;
			hasScannedForEncodings = 0;
			knownRegions = (
				en,
				Base,
			);
			mainGroup = 050844602030027300485109;
			productRefGroup = 0508446A2030027300485109 /* Products */;
			projectDirPath = "";
			projectRoot = "";
			targets = (
				050844682030027300485109 /* SchooledIos */,
			);
		};
/* End PBXProject section */

/* Begin PBXResourcesBuildPhase section */
		050844672030027300485109 /* Resources */ = {
			isa = PBXResourcesBuildPhase;
			buildActionMask = 2147483647;
			files = (
				050844772030027300485109 /* LaunchScreen.storyboard in Resources */,
				050844742030027300485109 /* Assets.xcassets in Resources */,
				050844722030027300485109 /* Main.storyboard in Resources */,
			);
			runOnlyForDeploymentPostprocessing = 0;
		};
/* End PBXResourcesBuildPhase section */

/* Begin PBXSourcesBuildPhase section */
		050844652030027300485109 /* Sources */ = {
			isa = PBXSourcesBuildPhase;
			buildActionMask = 2147483647;
			files = (
				054FBA19203528B600FD42B1 /* SideMenuContainerViewController.swift in Sources */,
				054FBA152034005100FD42B1 /* SchoolSelectionViewController.swift in Sources */,
				0531D9C620316132007C44BB /* LoginViewController.swift in Sources */,
				054FBA1D2036C00D00FD42B1 /* ResetPasswordViewController.swift in Sources */,
				054FBA1B20352E7E00FD42B1 /* SettingsViewController.swift in Sources */,
				0508446F2030027300485109 /* ViewController.swift in Sources */,
				054FBA212037C50F00FD42B1 /* PasswordSuccessfulViewController.swift in Sources */,
				054FBA282038B50800FD42B1 /* SubjectsViewController.swift in Sources */,
				054FBA3B2038D0E600FD42B1 /* Delegates.swift in Sources */,
				0508446D2030027300485109 /* AppDelegate.swift in Sources */,
				054FBA172034007E00FD42B1 /* HomePageViewController.swift in Sources */,
				054FBA2C2038B78900FD42B1 /* LeaderboardsViewController.swift in Sources */,
				0531D9C420315D0D007C44BB /* ButtonStyling.swift in Sources */,
				054FBA1F2037C40200FD42B1 /* ResetPasswordFormViewController.swift in Sources */,
				054FBA132033E09C00FD42B1 /* SideMenuViewController.swift in Sources */,
				0531D9CA20316462007C44BB /* SignUpViewController.swift in Sources */,
			);
			runOnlyForDeploymentPostprocessing = 0;
		};
/* End PBXSourcesBuildPhase section */

/* Begin PBXVariantGroup section */
		050844702030027300485109 /* Main.storyboard */ = {
			isa = PBXVariantGroup;
			children = (
				050844712030027300485109 /* Base */,
			);
			name = Main.storyboard;
			sourceTree = "<group>";
		};
		050844752030027300485109 /* LaunchScreen.storyboard */ = {
			isa = PBXVariantGroup;
			children = (
				050844762030027300485109 /* Base */,
			);
			name = LaunchScreen.storyboard;
			sourceTree = "<group>";
		};
/* End PBXVariantGroup section */

/* Begin XCBuildConfiguration section */
		050844792030027300485109 /* Debug */ = {
			isa = XCBuildConfiguration;
			buildSettings = {
				ALWAYS_SEARCH_USER_PATHS = NO;
				CLANG_ANALYZER_NONNULL = YES;
				CLANG_ANALYZER_NUMBER_OBJECT_CONVERSION = YES_AGGRESSIVE;
				CLANG_CXX_LANGUAGE_STANDARD = "gnu++14";
				CLANG_CXX_LIBRARY = "libc++";
				CLANG_ENABLE_MODULES = YES;
				CLANG_ENABLE_OBJC_ARC = YES;
				CLANG_WARN_BLOCK_CAPTURE_AUTORELEASING = YES;
				CLANG_WARN_BOOL_CONVERSION = YES;
				CLANG_WARN_COMMA = YES;
				CLANG_WARN_CONSTANT_CONVERSION = YES;
				CLANG_WARN_DIRECT_OBJC_ISA_USAGE = YES_ERROR;
				CLANG_WARN_DOCUMENTATION_COMMENTS = YES;
				CLANG_WARN_EMPTY_BODY = YES;
				CLANG_WARN_ENUM_CONVERSION = YES;
				CLANG_WARN_INFINITE_RECURSION = YES;
				CLANG_WARN_INT_CONVERSION = YES;
				CLANG_WARN_NON_LITERAL_NULL_CONVERSION = YES;
				CLANG_WARN_OBJC_LITERAL_CONVERSION = YES;
				CLANG_WARN_OBJC_ROOT_CLASS = YES_ERROR;
				CLANG_WARN_RANGE_LOOP_ANALYSIS = YES;
				CLANG_WARN_STRICT_PROTOTYPES = YES;
				CLANG_WARN_SUSPICIOUS_MOVE = YES;
				CLANG_WARN_UNGUARDED_AVAILABILITY = YES_AGGRESSIVE;
				CLANG_WARN_UNREACHABLE_CODE = YES;
				CLANG_WARN__DUPLICATE_METHOD_MATCH = YES;
				CODE_SIGN_IDENTITY = "iPhone Developer";
				COPY_PHASE_STRIP = NO;
				DEBUG_INFORMATION_FORMAT = dwarf;
				ENABLE_STRICT_OBJC_MSGSEND = YES;
				ENABLE_TESTABILITY = YES;
				GCC_C_LANGUAGE_STANDARD = gnu11;
				GCC_DYNAMIC_NO_PIC = NO;
				GCC_NO_COMMON_BLOCKS = YES;
				GCC_OPTIMIZATION_LEVEL = 0;
				GCC_PREPROCESSOR_DEFINITIONS = (
					"DEBUG=1",
					"$(inherited)",
				);
				GCC_WARN_64_TO_32_BIT_CONVERSION = YES;
				GCC_WARN_ABOUT_RETURN_TYPE = YES_ERROR;
				GCC_WARN_UNDECLARED_SELECTOR = YES;
				GCC_WARN_UNINITIALIZED_AUTOS = YES_AGGRESSIVE;
				GCC_WARN_UNUSED_FUNCTION = YES;
				GCC_WARN_UNUSED_VARIABLE = YES;
				IPHONEOS_DEPLOYMENT_TARGET = 11.2;
				MTL_ENABLE_DEBUG_INFO = YES;
				ONLY_ACTIVE_ARCH = YES;
				SDKROOT = iphoneos;
				SWIFT_ACTIVE_COMPILATION_CONDITIONS = DEBUG;
				SWIFT_OPTIMIZATION_LEVEL = "-Onone";
			};
			name = Debug;
		};
		0508447A2030027300485109 /* Release */ = {
			isa = XCBuildConfiguration;
			buildSettings = {
				ALWAYS_SEARCH_USER_PATHS = NO;
				CLANG_ANALYZER_NONNULL = YES;
				CLANG_ANALYZER_NUMBER_OBJECT_CONVERSION = YES_AGGRESSIVE;
				CLANG_CXX_LANGUAGE_STANDARD = "gnu++14";
				CLANG_CXX_LIBRARY = "libc++";
				CLANG_ENABLE_MODULES = YES;
				CLANG_ENABLE_OBJC_ARC = YES;
				CLANG_WARN_BLOCK_CAPTURE_AUTORELEASING = YES;
				CLANG_WARN_BOOL_CONVERSION = YES;
				CLANG_WARN_COMMA = YES;
				CLANG_WARN_CONSTANT_CONVERSION = YES;
				CLANG_WARN_DIRECT_OBJC_ISA_USAGE = YES_ERROR;
				CLANG_WARN_DOCUMENTATION_COMMENTS = YES;
				CLANG_WARN_EMPTY_BODY = YES;
				CLANG_WARN_ENUM_CONVERSION = YES;
				CLANG_WARN_INFINITE_RECURSION = YES;
				CLANG_WARN_INT_CONVERSION = YES;
				CLANG_WARN_NON_LITERAL_NULL_CONVERSION = YES;
				CLANG_WARN_OBJC_LITERAL_CONVERSION = YES;
				CLANG_WARN_OBJC_ROOT_CLASS = YES_ERROR;
				CLANG_WARN_RANGE_LOOP_ANALYSIS = YES;
				CLANG_WARN_STRICT_PROTOTYPES = YES;
				CLANG_WARN_SUSPICIOUS_MOVE = YES;
				CLANG_WARN_UNGUARDED_AVAILABILITY = YES_AGGRESSIVE;
				CLANG_WARN_UNREACHABLE_CODE = YES;
				CLANG_WARN__DUPLICATE_METHOD_MATCH = YES;
				CODE_SIGN_IDENTITY = "iPhone Developer";
				COPY_PHASE_STRIP = NO;
				DEBUG_INFORMATION_FORMAT = "dwarf-with-dsym";
				ENABLE_NS_ASSERTIONS = NO;
				ENABLE_STRICT_OBJC_MSGSEND = YES;
				GCC_C_LANGUAGE_STANDARD = gnu11;
				GCC_NO_COMMON_BLOCKS = YES;
				GCC_WARN_64_TO_32_BIT_CONVERSION = YES;
				GCC_WARN_ABOUT_RETURN_TYPE = YES_ERROR;
				GCC_WARN_UNDECLARED_SELECTOR = YES;
				GCC_WARN_UNINITIALIZED_AUTOS = YES_AGGRESSIVE;
				GCC_WARN_UNUSED_FUNCTION = YES;
				GCC_WARN_UNUSED_VARIABLE = YES;
				IPHONEOS_DEPLOYMENT_TARGET = 11.2;
				MTL_ENABLE_DEBUG_INFO = NO;
				SDKROOT = iphoneos;
				SWIFT_OPTIMIZATION_LEVEL = "-Owholemodule";
				VALIDATE_PRODUCT = YES;
			};
			name = Release;
		};
		0508447C2030027300485109 /* Debug */ = {
			isa = XCBuildConfiguration;
			buildSettings = {
				ASSETCATALOG_COMPILER_APPICON_NAME = AppIcon;
				CODE_SIGN_STYLE = Automatic;
				DEVELOPMENT_TEAM = 73N6UWDY5U;
				INFOPLIST_FILE = SchooledIos/Info.plist;
				LD_RUNPATH_SEARCH_PATHS = "$(inherited) @executable_path/Frameworks";
				PRODUCT_BUNDLE_IDENTIFIER = com.schooled.SchooledIos;
				PRODUCT_NAME = "$(TARGET_NAME)";
				SWIFT_VERSION = 4.0;
				TARGETED_DEVICE_FAMILY = "1,2";
			};
			name = Debug;
		};
		0508447D2030027300485109 /* Release */ = {
			isa = XCBuildConfiguration;
			buildSettings = {
				ASSETCATALOG_COMPILER_APPICON_NAME = AppIcon;
				CODE_SIGN_STYLE = Automatic;
				DEVELOPMENT_TEAM = 73N6UWDY5U;
				INFOPLIST_FILE = SchooledIos/Info.plist;
				LD_RUNPATH_SEARCH_PATHS = "$(inherited) @executable_path/Frameworks";
				PRODUCT_BUNDLE_IDENTIFIER = com.schooled.SchooledIos;
				PRODUCT_NAME = "$(TARGET_NAME)";
				SWIFT_VERSION = 4.0;
				TARGETED_DEVICE_FAMILY = "1,2";
			};
			name = Release;
		};
/* End XCBuildConfiguration section */

/* Begin XCConfigurationList section */
		050844642030027300485109 /* Build configuration list for PBXProject "SchooledIos" */ = {
			isa = XCConfigurationList;
			buildConfigurations = (
				050844792030027300485109 /* Debug */,
				0508447A2030027300485109 /* Release */,
			);
			defaultConfigurationIsVisible = 0;
			defaultConfigurationName = Release;
		};
		0508447B2030027300485109 /* Build configuration list for PBXNativeTarget "SchooledIos" */ = {
			isa = XCConfigurationList;
			buildConfigurations = (
				0508447C2030027300485109 /* Debug */,
				0508447D2030027300485109 /* Release */,
			);
			defaultConfigurationIsVisible = 0;
			defaultConfigurationName = Release;
		};
/* End XCConfigurationList section */
	};
	rootObject = 050844612030027300485109 /* Project object */;
}
